
Microsoft Visual Studio Solution File, Format Version 12.00
# Visual Studio Version 16
VisualStudioVersion = 16.0.30709.64
MinimumVisualStudioVersion = 10.0.40219.1
Project("{9A19103F-16F7-4668-BE54-9A1E7A4F7556}") = "STARK_Project", "STARK_Project\STARK_Project.csproj", "{A9C57107-97F2-43E7-B240-CB0DF2DDDBE4}"
EndProject
Project("{9A19103F-16F7-4668-BE54-9A1E7A4F7556}") = "STARK_UnitTests", "STARK_UnitTests\STARK_UnitTests.csproj", "{2ADFE2CC-3CE5-48AB-9116-7E8F2E652239}"
EndProject
Project("{FAE04EC0-301F-11D3-BF4B-00C04F79EFBC}") = "STARK_SeleniumTests", "STARK_SeleniumTests\STARK_SeleniumTests.csproj", "{2C677678-3FBD-4F25-8C5F-C7FDCD40C884}"
EndProject
Global
	GlobalSection(SolutionConfigurationPlatforms) = preSolution
		Debug|Any CPU = Debug|Any CPU
		Release|Any CPU = Release|Any CPU
	EndGlobalSection
	GlobalSection(ProjectConfigurationPlatforms) = postSolution
		{A9C57107-97F2-43E7-B240-CB0DF2DDDBE4}.Debug|Any CPU.ActiveCfg = Debug|Any CPU
		{A9C57107-97F2-43E7-B240-CB0DF2DDDBE4}.Debug|Any CPU.Build.0 = Debug|Any CPU
		{A9C57107-97F2-43E7-B240-CB0DF2DDDBE4}.Release|Any CPU.ActiveCfg = Release|Any CPU
		{A9C57107-97F2-43E7-B240-CB0DF2DDDBE4}.Release|Any CPU.Build.0 = Release|Any CPU
		{2ADFE2CC-3CE5-48AB-9116-7E8F2E652239}.Debug|Any CPU.ActiveCfg = Debug|Any CPU
		{2ADFE2CC-3CE5-48AB-9116-7E8F2E652239}.Debug|Any CPU.Build.0 = Debug|Any CPU
		{2ADFE2CC-3CE5-48AB-9116-7E8F2E652239}.Release|Any CPU.ActiveCfg = Release|Any CPU
		{2ADFE2CC-3CE5-48AB-9116-7E8F2E652239}.Release|Any CPU.Build.0 = Release|Any CPU
		{2C677678-3FBD-4F25-8C5F-C7FDCD40C884}.Debug|Any CPU.ActiveCfg = Debug|Any CPU
		{2C677678-3FBD-4F25-8C5F-C7FDCD40C884}.Debug|Any CPU.Build.0 = Debug|Any CPU
		{2C677678-3FBD-4F25-8C5F-C7FDCD40C884}.Release|Any CPU.ActiveCfg = Release|Any CPU
		{2C677678-3FBD-4F25-8C5F-C7FDCD40C884}.Release|Any CPU.Build.0 = Release|Any CPU
	EndGlobalSection
	GlobalSection(SolutionProperties) = preSolution
		HideSolutionNode = FALSE
	EndGlobalSection
	GlobalSection(ExtensibilityGlobals) = postSolution
		SolutionGuid = {92932B09-724C-4536-A79E-FC1554ACB24C}
	EndGlobalSection
EndGlobal
